
Microsoft Visual Studio Solution File, Format Version 12.00
# Visual Studio Version 17
VisualStudioVersion = 17.6.33801.468
MinimumVisualStudioVersion = 10.0.40219.1
Project("{9A19103F-16F7-4668-BE54-9A1E7A4F7556}") = "Case Marking Web Application.Interfaces", "..\Case Marking Web Application.Interfaces\Case Marking Web Application.Interfaces.csproj", "{C34F0555-183A-4E83-A091-FDA59D61CA9F}"
EndProject
Project("{9A19103F-16F7-4668-BE54-9A1E7A4F7556}") = "Case Marking Web Application.Service", "..\Case Marking Web Application.Service\Case Marking Web Application.Service.csproj", "{EA4390D4-8724-4438-BC2A-86B64A5DA963}"
EndProject
Project("{9A19103F-16F7-4668-BE54-9A1E7A4F7556}") = "DataAccessLayer", "..\DataAccessLayer\DataAccessLayer.csproj", "{7F351695-2151-4F3F-851A-88E4335D0118}"
EndProject
Project("{9A19103F-16F7-4668-BE54-9A1E7A4F7556}") = "Case Marking Web Application.Models", "..\Case Marking Web Application.Models\Case Marking Web Application.Models.csproj", "{2D2986D2-FE35-41A2-A720-9C657C152467}"
EndProject
Project("{9A19103F-16F7-4668-BE54-9A1E7A4F7556}") = "Case Marking Web Application", "Case Marking Web Application.csproj", "{9E60EFE7-DDFA-4F17-B9D0-7EE8F1CA824B}"
EndProject
Global
	GlobalSection(SolutionConfigurationPlatforms) = preSolution
		Debug|Any CPU = Debug|Any CPU
		Release|Any CPU = Release|Any CPU
	EndGlobalSection
	GlobalSection(ProjectConfigurationPlatforms) = postSolution
		{C34F0555-183A-4E83-A091-FDA59D61CA9F}.Debug|Any CPU.ActiveCfg = Debug|Any CPU
		{C34F0555-183A-4E83-A091-FDA59D61CA9F}.Debug|Any CPU.Build.0 = Debug|Any CPU
		{C34F0555-183A-4E83-A091-FDA59D61CA9F}.Release|Any CPU.ActiveCfg = Release|Any CPU
		{C34F0555-183A-4E83-A091-FDA59D61CA9F}.Release|Any CPU.Build.0 = Release|Any CPU
		{EA4390D4-8724-4438-BC2A-86B64A5DA963}.Debug|Any CPU.ActiveCfg = Debug|Any CPU
		{EA4390D4-8724-4438-BC2A-86B64A5DA963}.Debug|Any CPU.Build.0 = Debug|Any CPU
		{EA4390D4-8724-4438-BC2A-86B64A5DA963}.Release|Any CPU.ActiveCfg = Release|Any CPU
		{EA4390D4-8724-4438-BC2A-86B64A5DA963}.Release|Any CPU.Build.0 = Release|Any CPU
		{7F351695-2151-4F3F-851A-88E4335D0118}.Debug|Any CPU.ActiveCfg = Debug|Any CPU
		{7F351695-2151-4F3F-851A-88E4335D0118}.Debug|Any CPU.Build.0 = Debug|Any CPU
		{7F351695-2151-4F3F-851A-88E4335D0118}.Release|Any CPU.ActiveCfg = Release|Any CPU
		{7F351695-2151-4F3F-851A-88E4335D0118}.Release|Any CPU.Build.0 = Release|Any CPU
		{2D2986D2-FE35-41A2-A720-9C657C152467}.Debug|Any CPU.ActiveCfg = Debug|Any CPU
		{2D2986D2-FE35-41A2-A720-9C657C152467}.Debug|Any CPU.Build.0 = Debug|Any CPU
		{2D2986D2-FE35-41A2-A720-9C657C152467}.Release|Any CPU.ActiveCfg = Release|Any CPU
		{2D2986D2-FE35-41A2-A720-9C657C152467}.Release|Any CPU.Build.0 = Release|Any CPU
		{9E60EFE7-DDFA-4F17-B9D0-7EE8F1CA824B}.Debug|Any CPU.ActiveCfg = Debug|Any CPU
		{9E60EFE7-DDFA-4F17-B9D0-7EE8F1CA824B}.Debug|Any CPU.Build.0 = Debug|Any CPU
		{9E60EFE7-DDFA-4F17-B9D0-7EE8F1CA824B}.Release|Any CPU.ActiveCfg = Release|Any CPU
		{9E60EFE7-DDFA-4F17-B9D0-7EE8F1CA824B}.Release|Any CPU.Build.0 = Release|Any CPU
	EndGlobalSection
	GlobalSection(SolutionProperties) = preSolution
		HideSolutionNode = FALSE
	EndGlobalSection
	GlobalSection(ExtensibilityGlobals) = postSolution
		SolutionGuid = {7140E596-AAC9-43A2-BA7E-053AEAF0656C}
	EndGlobalSection
EndGlobal
